# THIS IS AN AUTOGENERATED FILE. DO NOT EDIT THIS FILE DIRECTLY.
# yarn lockfile v1


kubectl@^0.0.0:
  version "0.0.0"
  resolved "https://registry.yarnpkg.com/kubectl/-/kubectl-0.0.0.tgz#7b9a67fd560240bb2db95855a3163a99a38fa6e6"
  integrity sha512-+qfXUPeueEJynJpxCMIr5OsuB7OgKb61/YbiHF1cO8glYHeBlA+FZZ3hooxCiv64Mk02QNEZMEjfcH9dHNtrUA==
